{
  "name": "pasiflora",
  "version": "1.0.0",
  "lockfileVersion": 2,
  "requires": true,
  "packages": {
    "": {
      "name": "pasiflora",
      "version": "1.0.0",
      "license": "ISC",
      "dependencies": {
        "accessible-toggle": "^1.3.1"
      }
    },
    "node_modules/accessible-toggle": {
      "version": "1.3.1",
      "resolved": "https://registry.npmjs.org/accessible-toggle/-/accessible-toggle-1.3.1.tgz",
      "integrity": "sha512-eJ7gI8fSq8DNVOyeFCSEM9y7oldpFL6cWjhzcaGd+oAF/nwcP4Jhn9UR5e/1e5EDZSTVsOpgmnTJnvpBQxSzWQ==",
      "dependencies": {
        "raf-throttle": "^2.0.3"
      },
      "engines": {
        "node": ">=6.0.0"
      }
    },
    "node_modules/raf-throttle": {
      "version": "2.0.6",
      "resolved": "https://registry.npmjs.org/raf-throttle/-/raf-throttle-2.0.6.tgz",
      "integrity": "sha512-C7W6hy78A+vMmk5a/B6C5szjBHrUzWJkVyakjKCK59Uy2CcA7KhO1JUvvH32IXYFIcyJ3FMKP3ZzCc2/71I6Vg=="
    }
  },
  "dependencies": {
    "accessible-toggle": {
      "version": "1.3.1",
      "resolved": "https://registry.npmjs.org/accessible-toggle/-/accessible-toggle-1.3.1.tgz",
      "integrity": "sha512-eJ7gI8fSq8DNVOyeFCSEM9y7oldpFL6cWjhzcaGd+oAF/nwcP4Jhn9UR5e/1e5EDZSTVsOpgmnTJnvpBQxSzWQ==",
      "requires": {
        "raf-throttle": "^2.0.3"
      }
    },
    "raf-throttle": {
      "version": "2.0.6",
      "resolved": "https://registry.npmjs.org/raf-throttle/-/raf-throttle-2.0.6.tgz",
      "integrity": "sha512-C7W6hy78A+vMmk5a/B6C5szjBHrUzWJkVyakjKCK59Uy2CcA7KhO1JUvvH32IXYFIcyJ3FMKP3ZzCc2/71I6Vg=="
    }
  }
}
